github.com/DataDog/zstd v1.4.8 h1:Rpmta4xZ/MgZnriKNd24iZMhGpP5dvUcs/uqfBapKZY=
github.com/DataDog/zstd v1.4.8/go.mod h1:g4AWEaM3yOg3HYfnJ3YIawPnVdXJh9QME85blwSAmyw=
github.com/apache/thrift/lib/go/thrift v0.0.0-20210120171102-e27e82c46ba4 h1:orNYqmQGnSjgOauLWjHEp9/qIDT98xv/0Aa4Zet3/Y8=
github.com/apache/thrift/lib/go/thrift v0.0.0-20210120171102-e27e82c46ba4/go.mod h1:V/LzksIyqd3KZuQ2SunvReTG/UkArhII1dAWY5U1sCE=
github.com/golang/snappy v0.0.4 h1:yAGX7huGHXlcLOEtBnF4w7FQwA26wojNCwOYAEhLjQM=
github.com/golang/snappy v0.0.4/go.mod h1:/XxbfmMg8lxefKM7IXC3fBNl/7bRcc72aCRzEWrmP2Q=
